
Microsoft Visual Studio Solution File, Format Version 12.00
# Visual Studio Version 17
VisualStudioVersion = 17.8.34330.188
MinimumVisualStudioVersion = 10.0.40219.1
Project("{FAE04EC0-301F-11D3-BF4B-00C04F79EFBC}") = "microsoftLearnExercise19", "microsoftLearnExercise19\microsoftLearnExercise19.csproj", "{CDA45229-3FB4-44DD-836F-D4692030BA12}"
EndProject
Global
	GlobalSection(SolutionConfigurationPlatforms) = preSolution
		Debug|Any CPU = Debug|Any CPU
		Release|Any CPU = Release|Any CPU
	EndGlobalSection
	GlobalSection(ProjectConfigurationPlatforms) = postSolution
		{CDA45229-3FB4-44DD-836F-D4692030BA12}.Debug|Any CPU.ActiveCfg = Debug|Any CPU
		{CDA45229-3FB4-44DD-836F-D4692030BA12}.Debug|Any CPU.Build.0 = Debug|Any CPU
		{CDA45229-3FB4-44DD-836F-D4692030BA12}.Release|Any CPU.ActiveCfg = Release|Any CPU
		{CDA45229-3FB4-44DD-836F-D4692030BA12}.Release|Any CPU.Build.0 = Release|Any CPU
	EndGlobalSection
	GlobalSection(SolutionProperties) = preSolution
		HideSolutionNode = FALSE
	EndGlobalSection
	GlobalSection(ExtensibilityGlobals) = postSolution
		SolutionGuid = {39F556A7-73F7-40B3-A385-7CD9F54CD565}
	EndGlobalSection
EndGlobal
